// !$*UTF8*$!
{
	archiveVersion = 1;
	classes = {
	};
	objectVersion = 55;
	objects = {

/* Begin PBXBuildFile section */
		DD988CCA288860360005CA5F /* AppDelegate.swift in Sources */ = {isa = PBXBuildFile; fileRef = DD988CC9288860360005CA5F /* AppDelegate.swift */; };
		DD988CCC288860360005CA5F /* SceneDelegate.swift in Sources */ = {isa = PBXBuildFile; fileRef = DD988CCB288860360005CA5F /* SceneDelegate.swift */; };
		DD988CCE288860360005CA5F /* ADAController.swift in Sources */ = {isa = PBXBuildFile; fileRef = DD988CCD288860360005CA5F /* ADAController.swift */; };
		DD988CD1288860360005CA5F /* Main.storyboard in Resources */ = {isa = PBXBuildFile; fileRef = DD988CCF288860360005CA5F /* Main.storyboard */; };
		DD988CD3288860380005CA5F /* Assets.xcassets in Resources */ = {isa = PBXBuildFile; fileRef = DD988CD2288860380005CA5F /* Assets.xcassets */; };
		DD988CD6288860380005CA5F /* LaunchScreen.storyboard in Resources */ = {isa = PBXBuildFile; fileRef = DD988CD4288860380005CA5F /* LaunchScreen.storyboard */; };
		DD988CDE2888605E0005CA5F /* ada.png in Resources */ = {isa = PBXBuildFile; fileRef = DD988CDD2888605E0005CA5F /* ada.png */; };
		DD988CE02888621A0005CA5F /* ADAManager.swift in Sources */ = {isa = PBXBuildFile; fileRef = DD988CDF2888621A0005CA5F /* ADAManager.swift */; };
		DD988CE2288862530005CA5F /* ADAData.swift in Sources */ = {isa = PBXBuildFile; fileRef = DD988CE1288862530005CA5F /* ADAData.swift */; };
/* End PBXBuildFile section */

/* Begin PBXFileReference section */
		DD988CC6288860360005CA5F /* Cardano Tracker.app */ = {isa = PBXFileReference; explicitFileType = wrapper.application; includeInIndex = 0; path = "Cardano Tracker.app"; sourceTree = BUILT_PRODUCTS_DIR; };
		DD988CC9288860360005CA5F /* AppDelegate.swift */ = {isa = PBXFileReference; lastKnownFileType = sourcecode.swift; path = AppDelegate.swift; sourceTree = "<group>"; };
		DD988CCB288860360005CA5F /* SceneDelegate.swift */ = {isa = PBXFileReference; lastKnownFileType = sourcecode.swift; path = SceneDelegate.swift; sourceTree = "<group>"; };
		DD988CCD288860360005CA5F /* ADAController.swift */ = {isa = PBXFileReference; lastKnownFileType = sourcecode.swift; path = ADAController.swift; sourceTree = "<group>"; };
		DD988CD0288860360005CA5F /* Base */ = {isa = PBXFileReference; lastKnownFileType = file.storyboard; name = Base; path = Base.lproj/Main.storyboard; sourceTree = "<group>"; };
		DD988CD2288860380005CA5F /* Assets.xcassets */ = {isa = PBXFileReference; lastKnownFileType = folder.assetcatalog; path = Assets.xcassets; sourceTree = "<group>"; };
		DD988CD5288860380005CA5F /* Base */ = {isa = PBXFileReference; lastKnownFileType = file.storyboard; name = Base; path = Base.lproj/LaunchScreen.storyboard; sourceTree = "<group>"; };
		DD988CD7288860380005CA5F /* Info.plist */ = {isa = PBXFileReference; lastKnownFileType = text.plist.xml; path = Info.plist; sourceTree = "<group>"; };
		DD988CDD2888605E0005CA5F /* ada.png */ = {isa = PBXFileReference; lastKnownFileType = image.png; path = ada.png; sourceTree = "<group>"; };
		DD988CDF2888621A0005CA5F /* ADAManager.swift */ = {isa = PBXFileReference; lastKnownFileType = sourcecode.swift; path = ADAManager.swift; sourceTree = "<group>"; };
		DD988CE1288862530005CA5F /* ADAData.swift */ = {isa = PBXFileReference; lastKnownFileType = sourcecode.swift; path = ADAData.swift; sourceTree = SOURCE_ROOT; };
/* End PBXFileReference section */

/* Begin PBXFrameworksBuildPhase section */
		DD988CC3288860360005CA5F /* Frameworks */ = {
			isa = PBXFrameworksBuildPhase;
			buildActionMask = 2147483647;
			files = (
			);
			runOnlyForDeploymentPostprocessing = 0;
		};
/* End PBXFrameworksBuildPhase section */

/* Begin PBXGroup section */
		DD988CBD288860360005CA5F = {
			isa = PBXGroup;
			children = (
				DD988CC8288860360005CA5F /* Cardano Tracker */,
				DD988CC7288860360005CA5F /* Products */,
			);
			sourceTree = "<group>";
		};
		DD988CC7288860360005CA5F /* Products */ = {
			isa = PBXGroup;
			children = (
				DD988CC6288860360005CA5F /* Cardano Tracker.app */,
			);
			name = Products;
			sourceTree = "<group>";
		};
		DD988CC8288860360005CA5F /* Cardano Tracker */ = {
			isa = PBXGroup;
			children = (
				DD988CCF288860360005CA5F /* Main.storyboard */,
				DD988CE1288862530005CA5F /* ADAData.swift */,
				DD988CDF2888621A0005CA5F /* ADAManager.swift */,
				DD988CCD288860360005CA5F /* ADAController.swift */,
				DD988CD2288860380005CA5F /* Assets.xcassets */,
				DD988CD4288860380005CA5F /* LaunchScreen.storyboard */,
				DD988CD7288860380005CA5F /* Info.plist */,
				DD988CDD2888605E0005CA5F /* ada.png */,
				DD988CC9288860360005CA5F /* AppDelegate.swift */,
				DD988CCB288860360005CA5F /* SceneDelegate.swift */,
			);
			path = "Cardano Tracker";
			sourceTree = "<group>";
		};
/* End PBXGroup section */

/* Begin PBXNativeTarget section */
		DD988CC5288860360005CA5F /* Cardano Tracker */ = {
			isa = PBXNativeTarget;
			buildConfigurationList = DD988CDA288860380005CA5F /* Build configuration list for PBXNativeTarget "Cardano Tracker" */;
			buildPhases = (
				DD988CC2288860360005CA5F /* Sources */,
				DD988CC3288860360005CA5F /* Frameworks */,
				DD988CC4288860360005CA5F /* Resources */,
			);
			buildRules = (
			);
			dependencies = (
			);
			name = "Cardano Tracker";
			productName = "Cardano Tracker";
			productReference = DD988CC6288860360005CA5F /* Cardano Tracker.app */;
			productType = "com.apple.product-type.application";
		};
/* End PBXNativeTarget section */

/* Begin PBXProject section */
		DD988CBE288860360005CA5F /* Project object */ = {
			isa = PBXProject;
			attributes = {
				BuildIndependentTargetsInParallel = 1;
				LastSwiftUpdateCheck = 1340;
				LastUpgradeCheck = 1340;
				TargetAttributes = {
					DD988CC5288860360005CA5F = {
						CreatedOnToolsVersion = 13.4.1;
					};
				};
			};
			buildConfigurationList = DD988CC1288860360005CA5F /* Build configuration list for PBXProject "Cardano Tracker" */;
			compatibilityVersion = "Xcode 13.0";
			developmentRegion = en;
			hasScannedForEncodings = 0;
			knownRegions = (
				en,
				Base,
			);
			mainGroup = DD988CBD288860360005CA5F;
			productRefGroup = DD988CC7288860360005CA5F /* Products */;
			projectDirPath = "";
			projectRoot = "";
			targets = (
				DD988CC5288860360005CA5F /* Cardano Tracker */,
			);
		};
/* End PBXProject section */

/* Begin PBXResourcesBuildPhase section */
		DD988CC4288860360005CA5F /* Resources */ = {
			isa = PBXResourcesBuildPhase;
			buildActionMask = 2147483647;
			files = (
				DD988CDE2888605E0005CA5F /* ada.png in Resources */,
				DD988CD6288860380005CA5F /* LaunchScreen.storyboard in Resources */,
				DD988CD3288860380005CA5F /* Assets.xcassets in Resources */,
				DD988CD1288860360005CA5F /* Main.storyboard in Resources */,
			);
			runOnlyForDeploymentPostprocessing = 0;
		};
/* End PBXResourcesBuildPhase section */

/* Begin PBXSourcesBuildPhase section */
		DD988CC2288860360005CA5F /* Sources */ = {
			isa = PBXSourcesBuildPhase;
			buildActionMask = 2147483647;
			files = (
				DD988CE02888621A0005CA5F /* ADAManager.swift in Sources */,
				DD988CCE288860360005CA5F /* ADAController.swift in Sources */,
				DD988CE2288862530005CA5F /* ADAData.swift in Sources */,
				DD988CCA288860360005CA5F /* AppDelegate.swift in Sources */,
				DD988CCC288860360005CA5F /* SceneDelegate.swift in Sources */,
			);
			runOnlyForDeploymentPostprocessing = 0;
		};
/* End PBXSourcesBuildPhase section */

/* Begin PBXVariantGroup section */
		DD988CCF288860360005CA5F /* Main.storyboard */ = {
			isa = PBXVariantGroup;
			children = (
				DD988CD0288860360005CA5F /* Base */,
			);
			name = Main.storyboard;
			sourceTree = "<group>";
		};
		DD988CD4288860380005CA5F /* LaunchScreen.storyboard */ = {
			isa = PBXVariantGroup;
			children = (
				DD988CD5288860380005CA5F /* Base */,
			);
			name = LaunchScreen.storyboard;
			sourceTree = "<group>";
		};
/* End PBXVariantGroup section */

/* Begin XCBuildConfiguration section */
		DD988CD8288860380005CA5F /* Debug */ = {
			isa = XCBuildConfiguration;
			buildSettings = {
				ALWAYS_SEARCH_USER_PATHS = NO;
				CLANG_ANALYZER_NONNULL = YES;
				CLANG_ANALYZER_NUMBER_OBJECT_CONVERSION = YES_AGGRESSIVE;
				CLANG_CXX_LANGUAGE_STANDARD = "gnu++17";
				CLANG_ENABLE_MODULES = YES;
				CLANG_ENABLE_OBJC_ARC = YES;
				CLANG_ENABLE_OBJC_WEAK = YES;
				CLANG_WARN_BLOCK_CAPTURE_AUTORELEASING = YES;
				CLANG_WARN_BOOL_CONVERSION = YES;
				CLANG_WARN_COMMA = YES;
				CLANG_WARN_CONSTANT_CONVERSION = YES;
				CLANG_WARN_DEPRECATED_OBJC_IMPLEMENTATIONS = YES;
				CLANG_WARN_DIRECT_OBJC_ISA_USAGE = YES_ERROR;
				CLANG_WARN_DOCUMENTATION_COMMENTS = YES;
				CLANG_WARN_EMPTY_BODY = YES;
				CLANG_WARN_ENUM_CONVERSION = YES;
				CLANG_WARN_INFINITE_RECURSION = YES;
				CLANG_WARN_INT_CONVERSION = YES;
				CLANG_WARN_NON_LITERAL_NULL_CONVERSION = YES;
				CLANG_WARN_OBJC_IMPLICIT_RETAIN_SELF = YES;
				CLANG_WARN_OBJC_LITERAL_CONVERSION = YES;
				CLANG_WARN_OBJC_ROOT_CLASS = YES_ERROR;
				CLANG_WARN_QUOTED_INCLUDE_IN_FRAMEWORK_HEADER = YES;
				CLANG_WARN_RANGE_LOOP_ANALYSIS = YES;
				CLANG_WARN_STRICT_PROTOTYPES = YES;
				CLANG_WARN_SUSPICIOUS_MOVE = YES;
				CLANG_WARN_UNGUARDED_AVAILABILITY = YES_AGGRESSIVE;
				CLANG_WARN_UNREACHABLE_CODE = YES;
				CLANG_WARN__DUPLICATE_METHOD_MATCH = YES;
				COPY_PHASE_STRIP = NO;
				DEBUG_INFORMATION_FORMAT = dwarf;
				ENABLE_STRICT_OBJC_MSGSEND = YES;
				ENABLE_TESTABILITY = YES;
				GCC_C_LANGUAGE_STANDARD = gnu11;
				GCC_DYNAMIC_NO_PIC = NO;
				GCC_NO_COMMON_BLOCKS = YES;
				GCC_OPTIMIZATION_LEVEL = 0;
				GCC_PREPROCESSOR_DEFINITIONS = (
					"DEBUG=1",
					"$(inherited)",
				);
				GCC_WARN_64_TO_32_BIT_CONVERSION = YES;
				GCC_WARN_ABOUT_RETURN_TYPE = YES_ERROR;
				GCC_WARN_UNDECLARED_SELECTOR = YES;
				GCC_WARN_UNINITIALIZED_AUTOS = YES_AGGRESSIVE;
				GCC_WARN_UNUSED_FUNCTION = YES;
				GCC_WARN_UNUSED_VARIABLE = YES;
				IPHONEOS_DEPLOYMENT_TARGET = 15.5;
				MTL_ENABLE_DEBUG_INFO = INCLUDE_SOURCE;
				MTL_FAST_MATH = YES;
				ONLY_ACTIVE_ARCH = YES;
				SDKROOT = iphoneos;
				SWIFT_ACTIVE_COMPILATION_CONDITIONS = DEBUG;
				SWIFT_OPTIMIZATION_LEVEL = "-Onone";
			};
			name = Debug;
		};
		DD988CD9288860380005CA5F /* Release */ = {
			isa = XCBuildConfiguration;
			buildSettings = {
				ALWAYS_SEARCH_USER_PATHS = NO;
				CLANG_ANALYZER_NONNULL = YES;
				CLANG_ANALYZER_NUMBER_OBJECT_CONVERSION = YES_AGGRESSIVE;
				CLANG_CXX_LANGUAGE_STANDARD = "gnu++17";
				CLANG_ENABLE_MODULES = YES;
				CLANG_ENABLE_OBJC_ARC = YES;
				CLANG_ENABLE_OBJC_WEAK = YES;
				CLANG_WARN_BLOCK_CAPTURE_AUTORELEASING = YES;
				CLANG_WARN_BOOL_CONVERSION = YES;
				CLANG_WARN_COMMA = YES;
				CLANG_WARN_CONSTANT_CONVERSION = YES;
				CLANG_WARN_DEPRECATED_OBJC_IMPLEMENTATIONS = YES;
				CLANG_WARN_DIRECT_OBJC_ISA_USAGE = YES_ERROR;
				CLANG_WARN_DOCUMENTATION_COMMENTS = YES;
				CLANG_WARN_EMPTY_BODY = YES;
				CLANG_WARN_ENUM_CONVERSION = YES;
				CLANG_WARN_INFINITE_RECURSION = YES;
				CLANG_WARN_INT_CONVERSION = YES;
				CLANG_WARN_NON_LITERAL_NULL_CONVERSION = YES;
				CLANG_WARN_OBJC_IMPLICIT_RETAIN_SELF = YES;
				CLANG_WARN_OBJC_LITERAL_CONVERSION = YES;
				CLANG_WARN_OBJC_ROOT_CLASS = YES_ERROR;
				CLANG_WARN_QUOTED_INCLUDE_IN_FRAMEWORK_HEADER = YES;
				CLANG_WARN_RANGE_LOOP_ANALYSIS = YES;
				CLANG_WARN_STRICT_PROTOTYPES = YES;
				CLANG_WARN_SUSPICIOUS_MOVE = YES;
				CLANG_WARN_UNGUARDED_AVAILABILITY = YES_AGGRESSIVE;
				CLANG_WARN_UNREACHABLE_CODE = YES;
				CLANG_WARN__DUPLICATE_METHOD_MATCH = YES;
				COPY_PHASE_STRIP = NO;
				DEBUG_INFORMATION_FORMAT = "dwarf-with-dsym";
				ENABLE_NS_ASSERTIONS = NO;
				ENABLE_STRICT_OBJC_MSGSEND = YES;
				GCC_C_LANGUAGE_STANDARD = gnu11;
				GCC_NO_COMMON_BLOCKS = YES;
				GCC_WARN_64_TO_32_BIT_CONVERSION = YES;
				GCC_WARN_ABOUT_RETURN_TYPE = YES_ERROR;
				GCC_WARN_UNDECLARED_SELECTOR = YES;
				GCC_WARN_UNINITIALIZED_AUTOS = YES_AGGRESSIVE;
				GCC_WARN_UNUSED_FUNCTION = YES;
				GCC_WARN_UNUSED_VARIABLE = YES;
				IPHONEOS_DEPLOYMENT_TARGET = 15.5;
				MTL_ENABLE_DEBUG_INFO = NO;
				MTL_FAST_MATH = YES;
				SDKROOT = iphoneos;
				SWIFT_COMPILATION_MODE = wholemodule;
				SWIFT_OPTIMIZATION_LEVEL = "-O";
				VALIDATE_PRODUCT = YES;
			};
			name = Release;
		};
		DD988CDB288860380005CA5F /* Debug */ = {
			isa = XCBuildConfiguration;
			buildSettings = {
				ASSETCATALOG_COMPILER_APPICON_NAME = AppIcon;
				ASSETCATALOG_COMPILER_GLOBAL_ACCENT_COLOR_NAME = AccentColor;
				CODE_SIGN_STYLE = Automatic;
				CURRENT_PROJECT_VERSION = 1;
				DEVELOPMENT_TEAM = MRC62ZN759;
				GENERATE_INFOPLIST_FILE = YES;
				INFOPLIST_FILE = "Cardano Tracker/Info.plist";
				INFOPLIST_KEY_CFBundleDisplayName = Cardano;
				INFOPLIST_KEY_UIApplicationSupportsIndirectInputEvents = YES;
				INFOPLIST_KEY_UILaunchStoryboardName = LaunchScreen;
				INFOPLIST_KEY_UIMainStoryboardFile = Main;
				INFOPLIST_KEY_UISupportedInterfaceOrientations = UIInterfaceOrientationPortrait;
				INFOPLIST_KEY_UISupportedInterfaceOrientations_iPad = "UIInterfaceOrientationPortrait UIInterfaceOrientationPortraitUpsideDown UIInterfaceOrientationLandscapeLeft UIInterfaceOrientationLandscapeRight";
				INFOPLIST_KEY_UISupportedInterfaceOrientations_iPhone = "UIInterfaceOrientationPortrait UIInterfaceOrientationLandscapeLeft UIInterfaceOrientationLandscapeRight";
				LD_RUNPATH_SEARCH_PATHS = (
					"$(inherited)",
					"@executable_path/Frameworks",
				);
				MARKETING_VERSION = 1.0;
				PRODUCT_BUNDLE_IDENTIFIER = "com.nathan.Cardano-Tracker";
				PRODUCT_NAME = "$(TARGET_NAME)";
				SWIFT_EMIT_LOC_STRINGS = YES;
				SWIFT_VERSION = 5.0;
				TARGETED_DEVICE_FAMILY = 1;
			};
			name = Debug;
		};
		DD988CDC288860380005CA5F /* Release */ = {
			isa = XCBuildConfiguration;
			buildSettings = {
				ASSETCATALOG_COMPILER_APPICON_NAME = AppIcon;
				ASSETCATALOG_COMPILER_GLOBAL_ACCENT_COLOR_NAME = AccentColor;
				CODE_SIGN_STYLE = Automatic;
				CURRENT_PROJECT_VERSION = 1;
				DEVELOPMENT_TEAM = MRC62ZN759;
				GENERATE_INFOPLIST_FILE = YES;
				INFOPLIST_FILE = "Cardano Tracker/Info.plist";
				INFOPLIST_KEY_CFBundleDisplayName = Cardano;
				INFOPLIST_KEY_UIApplicationSupportsIndirectInputEvents = YES;
				INFOPLIST_KEY_UILaunchStoryboardName = LaunchScreen;
				INFOPLIST_KEY_UIMainStoryboardFile = Main;
				INFOPLIST_KEY_UISupportedInterfaceOrientations = UIInterfaceOrientationPortrait;
				INFOPLIST_KEY_UISupportedInterfaceOrientations_iPad = "UIInterfaceOrientationPortrait UIInterfaceOrientationPortraitUpsideDown UIInterfaceOrientationLandscapeLeft UIInterfaceOrientationLandscapeRight";
				INFOPLIST_KEY_UISupportedInterfaceOrientations_iPhone = "UIInterfaceOrientationPortrait UIInterfaceOrientationLandscapeLeft UIInterfaceOrientationLandscapeRight";
				LD_RUNPATH_SEARCH_PATHS = (
					"$(inherited)",
					"@executable_path/Frameworks",
				);
				MARKETING_VERSION = 1.0;
				PRODUCT_BUNDLE_IDENTIFIER = "com.nathan.Cardano-Tracker";
				PRODUCT_NAME = "$(TARGET_NAME)";
				SWIFT_EMIT_LOC_STRINGS = YES;
				SWIFT_VERSION = 5.0;
				TARGETED_DEVICE_FAMILY = 1;
			};
			name = Release;
		};
/* End XCBuildConfiguration section */

/* Begin XCConfigurationList section */
		DD988CC1288860360005CA5F /* Build configuration list for PBXProject "Cardano Tracker" */ = {
			isa = XCConfigurationList;
			buildConfigurations = (
				DD988CD8288860380005CA5F /* Debug */,
				DD988CD9288860380005CA5F /* Release */,
			);
			defaultConfigurationIsVisible = 0;
			defaultConfigurationName = Release;
		};
		DD988CDA288860380005CA5F /* Build configuration list for PBXNativeTarget "Cardano Tracker" */ = {
			isa = XCConfigurationList;
			buildConfigurations = (
				DD988CDB288860380005CA5F /* Debug */,
				DD988CDC288860380005CA5F /* Release */,
			);
			defaultConfigurationIsVisible = 0;
			defaultConfigurationName = Release;
		};
/* End XCConfigurationList section */
	};
	rootObject = DD988CBE288860360005CA5F /* Project object */;
}
